
Microsoft Visual Studio Solution File, Format Version 12.00
# Visual Studio Version 17
VisualStudioVersion = 17.11.35312.102
MinimumVisualStudioVersion = 10.0.40219.1
Project("{FAE04EC0-301F-11D3-BF4B-00C04F79EFBC}") = "2.1.5", "2.1.5\2.1.5.csproj", "{55DA49B7-D25F-4007-AAE6-2DCE33B75AEF}"
EndProject
Global
	GlobalSection(SolutionConfigurationPlatforms) = preSolution
		Debug|Any CPU = Debug|Any CPU
		Release|Any CPU = Release|Any CPU
	EndGlobalSection
	GlobalSection(ProjectConfigurationPlatforms) = postSolution
		{55DA49B7-D25F-4007-AAE6-2DCE33B75AEF}.Debug|Any CPU.ActiveCfg = Debug|Any CPU
		{55DA49B7-D25F-4007-AAE6-2DCE33B75AEF}.Debug|Any CPU.Build.0 = Debug|Any CPU
		{55DA49B7-D25F-4007-AAE6-2DCE33B75AEF}.Release|Any CPU.ActiveCfg = Release|Any CPU
		{55DA49B7-D25F-4007-AAE6-2DCE33B75AEF}.Release|Any CPU.Build.0 = Release|Any CPU
	EndGlobalSection
	GlobalSection(SolutionProperties) = preSolution
		HideSolutionNode = FALSE
	EndGlobalSection
	GlobalSection(ExtensibilityGlobals) = postSolution
		SolutionGuid = {AA9928F7-9872-4877-96C4-17D9C9E2374B}
	EndGlobalSection
EndGlobal
