
Microsoft Visual Studio Solution File, Format Version 12.00
# Visual Studio Version 17
VisualStudioVersion = 17.11.35312.102
MinimumVisualStudioVersion = 10.0.40219.1
Project("{FAE04EC0-301F-11D3-BF4B-00C04F79EFBC}") = "3.2", "3.2\3.2.csproj", "{254C7715-436F-46A8-AFC3-42441F7442FC}"
EndProject
Global
	GlobalSection(SolutionConfigurationPlatforms) = preSolution
		Debug|Any CPU = Debug|Any CPU
		Release|Any CPU = Release|Any CPU
	EndGlobalSection
	GlobalSection(ProjectConfigurationPlatforms) = postSolution
		{254C7715-436F-46A8-AFC3-42441F7442FC}.Debug|Any CPU.ActiveCfg = Debug|Any CPU
		{254C7715-436F-46A8-AFC3-42441F7442FC}.Debug|Any CPU.Build.0 = Debug|Any CPU
		{254C7715-436F-46A8-AFC3-42441F7442FC}.Release|Any CPU.ActiveCfg = Release|Any CPU
		{254C7715-436F-46A8-AFC3-42441F7442FC}.Release|Any CPU.Build.0 = Release|Any CPU
	EndGlobalSection
	GlobalSection(SolutionProperties) = preSolution
		HideSolutionNode = FALSE
	EndGlobalSection
	GlobalSection(ExtensibilityGlobals) = postSolution
		SolutionGuid = {1A88756F-E439-4D7D-9985-1B4E2CDB0F04}
	EndGlobalSection
EndGlobal
