
Microsoft Visual Studio Solution File, Format Version 12.00
# Visual Studio Version 17
VisualStudioVersion = 17.11.35303.130
MinimumVisualStudioVersion = 10.0.40219.1
Project("{FAE04EC0-301F-11D3-BF4B-00C04F79EFBC}") = "calendar", "calendar.csproj", "{C06B7FA3-6C31-45D3-9A51-F2968341334F}"
EndProject
Global
	GlobalSection(SolutionConfigurationPlatforms) = preSolution
		Debug|Any CPU = Debug|Any CPU
		Release|Any CPU = Release|Any CPU
	EndGlobalSection
	GlobalSection(ProjectConfigurationPlatforms) = postSolution
		{C06B7FA3-6C31-45D3-9A51-F2968341334F}.Debug|Any CPU.ActiveCfg = Debug|Any CPU
		{C06B7FA3-6C31-45D3-9A51-F2968341334F}.Debug|Any CPU.Build.0 = Debug|Any CPU
		{C06B7FA3-6C31-45D3-9A51-F2968341334F}.Release|Any CPU.ActiveCfg = Release|Any CPU
		{C06B7FA3-6C31-45D3-9A51-F2968341334F}.Release|Any CPU.Build.0 = Release|Any CPU
	EndGlobalSection
	GlobalSection(SolutionProperties) = preSolution
		HideSolutionNode = FALSE
	EndGlobalSection
	GlobalSection(ExtensibilityGlobals) = postSolution
		SolutionGuid = {5AD7EE43-BC28-4644-856E-B388A78099F8}
	EndGlobalSection
EndGlobal
