
Microsoft Visual Studio Solution File, Format Version 12.00
# Visual Studio Version 17
VisualStudioVersion = 17.11.35312.102
MinimumVisualStudioVersion = 10.0.40219.1
Project("{FAE04EC0-301F-11D3-BF4B-00C04F79EFBC}") = "NetworkAnalyzer", "NetworkAnalyzer\NetworkAnalyzer.csproj", "{B9455A34-F83B-4D6A-8B7E-5D97329717BF}"
EndProject
Global
	GlobalSection(SolutionConfigurationPlatforms) = preSolution
		Debug|Any CPU = Debug|Any CPU
		Release|Any CPU = Release|Any CPU
	EndGlobalSection
	GlobalSection(ProjectConfigurationPlatforms) = postSolution
		{B9455A34-F83B-4D6A-8B7E-5D97329717BF}.Debug|Any CPU.ActiveCfg = Debug|Any CPU
		{B9455A34-F83B-4D6A-8B7E-5D97329717BF}.Debug|Any CPU.Build.0 = Debug|Any CPU
		{B9455A34-F83B-4D6A-8B7E-5D97329717BF}.Release|Any CPU.ActiveCfg = Release|Any CPU
		{B9455A34-F83B-4D6A-8B7E-5D97329717BF}.Release|Any CPU.Build.0 = Release|Any CPU
	EndGlobalSection
	GlobalSection(SolutionProperties) = preSolution
		HideSolutionNode = FALSE
	EndGlobalSection
	GlobalSection(ExtensibilityGlobals) = postSolution
		SolutionGuid = {40DF93A9-8D79-4957-A091-E0DA7AF54607}
	EndGlobalSection
EndGlobal
